
Microsoft Visual Studio Solution File, Format Version 12.00
# Visual Studio Version 16
VisualStudioVersion = 16.0.30001.183
MinimumVisualStudioVersion = 10.0.40219.1
Project("{FAE04EC0-301F-11D3-BF4B-00C04F79EFBC}") = "Sidea.DocxToPdf", "Sidea.DocxToPdf\Sidea.DocxToPdf.csproj", "{48DF11FA-83FC-4622-9F10-8038F65D1EBC}"
EndProject
Global
	GlobalSection(SolutionConfigurationPlatforms) = preSolution
		Debug|Any CPU = Debug|Any CPU
		Release|Any CPU = Release|Any CPU
	EndGlobalSection
	GlobalSection(ProjectConfigurationPlatforms) = postSolution
		{48DF11FA-83FC-4622-9F10-8038F65D1EBC}.Debug|Any CPU.ActiveCfg = Debug|Any CPU
		{48DF11FA-83FC-4622-9F10-8038F65D1EBC}.Debug|Any CPU.Build.0 = Debug|Any CPU
		{48DF11FA-83FC-4622-9F10-8038F65D1EBC}.Release|Any CPU.ActiveCfg = Release|Any CPU
		{48DF11FA-83FC-4622-9F10-8038F65D1EBC}.Release|Any CPU.Build.0 = Release|Any CPU
	EndGlobalSection
	GlobalSection(SolutionProperties) = preSolution
		HideSolutionNode = FALSE
	EndGlobalSection
	GlobalSection(ExtensibilityGlobals) = postSolution
		SolutionGuid = {5E784434-CA44-4B62-B26A-9D13A6C9C181}
	EndGlobalSection
EndGlobal
